
Microsoft Visual Studio Solution File, Format Version 12.00
# Visual Studio Version 17
VisualStudioVersion = 17.12.35527.113
MinimumVisualStudioVersion = 10.0.40219.1
Project("{FAE04EC0-301F-11D3-BF4B-00C04F79EFBC}") = "PBL3", "PBL3_test\PBL3.csproj", "{EE7A373F-BE08-49AE-AEBB-30BF97DD955A}"
EndProject
Global
	GlobalSection(SolutionConfigurationPlatforms) = preSolution
		Debug|Any CPU = Debug|Any CPU
		Release|Any CPU = Release|Any CPU
	EndGlobalSection
	GlobalSection(ProjectConfigurationPlatforms) = postSolution
		{EE7A373F-BE08-49AE-AEBB-30BF97DD955A}.Debug|Any CPU.ActiveCfg = Debug|Any CPU
		{EE7A373F-BE08-49AE-AEBB-30BF97DD955A}.Debug|Any CPU.Build.0 = Debug|Any CPU
		{EE7A373F-BE08-49AE-AEBB-30BF97DD955A}.Release|Any CPU.ActiveCfg = Release|Any CPU
		{EE7A373F-BE08-49AE-AEBB-30BF97DD955A}.Release|Any CPU.Build.0 = Release|Any CPU
	EndGlobalSection
	GlobalSection(SolutionProperties) = preSolution
		HideSolutionNode = FALSE
	EndGlobalSection
	GlobalSection(ExtensibilityGlobals) = postSolution
		SolutionGuid = {61D65AB5-4AAF-4394-BD24-4924A32E5A60}
	EndGlobalSection
EndGlobal
